
Microsoft Visual Studio Solution File, Format Version 12.00
# Visual Studio Version 17
VisualStudioVersion = 17.14.36623.8 d17.14
MinimumVisualStudioVersion = 10.0.40219.1
Project("{FAE04EC0-301F-11D3-BF4B-00C04F79EFBC}") = "Database Modification Framework", "Database Modification Framework\Database Modification Framework.csproj", "{6B7925B0-EA51-4FB0-B4A3-DE8B07595E38}"
EndProject
Global
	GlobalSection(SolutionConfigurationPlatforms) = preSolution
		Debug|Any CPU = Debug|Any CPU
		Release|Any CPU = Release|Any CPU
	EndGlobalSection
	GlobalSection(ProjectConfigurationPlatforms) = postSolution
		{6B7925B0-EA51-4FB0-B4A3-DE8B07595E38}.Debug|Any CPU.ActiveCfg = Debug|Any CPU
		{6B7925B0-EA51-4FB0-B4A3-DE8B07595E38}.Debug|Any CPU.Build.0 = Debug|Any CPU
		{6B7925B0-EA51-4FB0-B4A3-DE8B07595E38}.Release|Any CPU.ActiveCfg = Release|Any CPU
		{6B7925B0-EA51-4FB0-B4A3-DE8B07595E38}.Release|Any CPU.Build.0 = Release|Any CPU
	EndGlobalSection
	GlobalSection(SolutionProperties) = preSolution
		HideSolutionNode = FALSE
	EndGlobalSection
	GlobalSection(ExtensibilityGlobals) = postSolution
		SolutionGuid = {17E81D3D-F20B-4BF2-95DA-9D35E80C82F1}
	EndGlobalSection
EndGlobal
